
Microsoft Visual Studio Solution File, Format Version 12.00
# Visual Studio 15
VisualStudioVersion = 15.0.28307.572
MinimumVisualStudioVersion = 10.0.40219.1
Project("{FAE04EC0-301F-11D3-BF4B-00C04F79EFBC}") = "FenetreRougeBleu", "FenetreRougeBleu\FenetreRougeBleu.csproj", "{560DB574-6CBD-40DD-9875-A92CA577AC33}"
EndProject
Global
	GlobalSection(SolutionConfigurationPlatforms) = preSolution
		Debug|Any CPU = Debug|Any CPU
		Release|Any CPU = Release|Any CPU
	EndGlobalSection
	GlobalSection(ProjectConfigurationPlatforms) = postSolution
		{560DB574-6CBD-40DD-9875-A92CA577AC33}.Debug|Any CPU.ActiveCfg = Debug|Any CPU
		{560DB574-6CBD-40DD-9875-A92CA577AC33}.Debug|Any CPU.Build.0 = Debug|Any CPU
		{560DB574-6CBD-40DD-9875-A92CA577AC33}.Release|Any CPU.ActiveCfg = Release|Any CPU
		{560DB574-6CBD-40DD-9875-A92CA577AC33}.Release|Any CPU.Build.0 = Release|Any CPU
	EndGlobalSection
	GlobalSection(SolutionProperties) = preSolution
		HideSolutionNode = FALSE
	EndGlobalSection
	GlobalSection(ExtensibilityGlobals) = postSolution
		SolutionGuid = {4E487B10-E678-4C1C-9981-22E03DEC53A6}
	EndGlobalSection
EndGlobal
