
Microsoft Visual Studio Solution File, Format Version 12.00
# Visual Studio Version 16
VisualStudioVersion = 16.0.29009.5
MinimumVisualStudioVersion = 10.0.40219.1
Project("{FAE04EC0-301F-11D3-BF4B-00C04F79EFBC}") = "TestEmail", "TestEmail\TestEmail.csproj", "{34C923CD-D054-41A9-A24B-73EF72B86423}"
EndProject
Global
	GlobalSection(SolutionConfigurationPlatforms) = preSolution
		Debug|Any CPU = Debug|Any CPU
		Release|Any CPU = Release|Any CPU
	EndGlobalSection
	GlobalSection(ProjectConfigurationPlatforms) = postSolution
		{34C923CD-D054-41A9-A24B-73EF72B86423}.Debug|Any CPU.ActiveCfg = Debug|Any CPU
		{34C923CD-D054-41A9-A24B-73EF72B86423}.Debug|Any CPU.Build.0 = Debug|Any CPU
		{34C923CD-D054-41A9-A24B-73EF72B86423}.Release|Any CPU.ActiveCfg = Release|Any CPU
		{34C923CD-D054-41A9-A24B-73EF72B86423}.Release|Any CPU.Build.0 = Release|Any CPU
	EndGlobalSection
	GlobalSection(SolutionProperties) = preSolution
		HideSolutionNode = FALSE
	EndGlobalSection
	GlobalSection(ExtensibilityGlobals) = postSolution
		SolutionGuid = {8352C9B4-2103-4557-9030-EA7F4D9BA577}
	EndGlobalSection
EndGlobal
